// !$*UTF8*$!
{
	archiveVersion = 1;
	classes = {
	};
	objectVersion = 46;
	objects = {

/* Begin PBXBuildFile section */
		A3EE27061DBB66A200378506 /* AppDelegate.swift in Sources */ = {isa = PBXBuildFile; fileRef = A3EE27051DBB66A200378506 /* AppDelegate.swift */; };
		A3EE27081DBB66A200378506 /* AudioViewController.swift in Sources */ = {isa = PBXBuildFile; fileRef = A3EE27071DBB66A200378506 /* AudioViewController.swift */; };
		A3EE270B1DBB66A200378506 /* Main.storyboard in Resources */ = {isa = PBXBuildFile; fileRef = A3EE27091DBB66A200378506 /* Main.storyboard */; };
		A3EE270D1DBB66A200378506 /* Assets.xcassets in Resources */ = {isa = PBXBuildFile; fileRef = A3EE270C1DBB66A200378506 /* Assets.xcassets */; };
		A3EE27101DBB66A200378506 /* LaunchScreen.storyboard in Resources */ = {isa = PBXBuildFile; fileRef = A3EE270E1DBB66A200378506 /* LaunchScreen.storyboard */; };
		A3EE27181DBB68AB00378506 /* Dillon-13-36.mp3 in Resources */ = {isa = PBXBuildFile; fileRef = A3EE27171DBB68AB00378506 /* Dillon-13-36.mp3 */; };
		A3EE271A1DBB7C9200378506 /* Comex-Omnilife.mp4 in Resources */ = {isa = PBXBuildFile; fileRef = A3EE27191DBB7C9200378506 /* Comex-Omnilife.mp4 */; };
		A3EE271C1DBB7D1800378506 /* VideoViewController.swift in Sources */ = {isa = PBXBuildFile; fileRef = A3EE271B1DBB7D1800378506 /* VideoViewController.swift */; };
/* End PBXBuildFile section */

/* Begin PBXFileReference section */
		A3EE27021DBB66A100378506 /* AudioVideoTest.app */ = {isa = PBXFileReference; explicitFileType = wrapper.application; includeInIndex = 0; path = AudioVideoTest.app; sourceTree = BUILT_PRODUCTS_DIR; };
		A3EE27051DBB66A200378506 /* AppDelegate.swift */ = {isa = PBXFileReference; lastKnownFileType = sourcecode.swift; path = AppDelegate.swift; sourceTree = "<group>"; };
		A3EE27071DBB66A200378506 /* AudioViewController.swift */ = {isa = PBXFileReference; lastKnownFileType = sourcecode.swift; path = AudioViewController.swift; sourceTree = "<group>"; };
		A3EE270A1DBB66A200378506 /* Base */ = {isa = PBXFileReference; lastKnownFileType = file.storyboard; name = Base; path = Base.lproj/Main.storyboard; sourceTree = "<group>"; };
		A3EE270C1DBB66A200378506 /* Assets.xcassets */ = {isa = PBXFileReference; lastKnownFileType = folder.assetcatalog; path = Assets.xcassets; sourceTree = "<group>"; };
		A3EE270F1DBB66A200378506 /* Base */ = {isa = PBXFileReference; lastKnownFileType = file.storyboard; name = Base; path = Base.lproj/LaunchScreen.storyboard; sourceTree = "<group>"; };
		A3EE27111DBB66A200378506 /* Info.plist */ = {isa = PBXFileReference; lastKnownFileType = text.plist.xml; path = Info.plist; sourceTree = "<group>"; };
		A3EE27171DBB68AB00378506 /* Dillon-13-36.mp3 */ = {isa = PBXFileReference; lastKnownFileType = audio.mp3; path = "Dillon-13-36.mp3"; sourceTree = "<group>"; };
		A3EE27191DBB7C9200378506 /* Comex-Omnilife.mp4 */ = {isa = PBXFileReference; lastKnownFileType = file; path = "Comex-Omnilife.mp4"; sourceTree = "<group>"; };
		A3EE271B1DBB7D1800378506 /* VideoViewController.swift */ = {isa = PBXFileReference; fileEncoding = 4; lastKnownFileType = sourcecode.swift; path = VideoViewController.swift; sourceTree = "<group>"; };
/* End PBXFileReference section */

/* Begin PBXFrameworksBuildPhase section */
		A3EE26FF1DBB66A100378506 /* Frameworks */ = {
			isa = PBXFrameworksBuildPhase;
			buildActionMask = 2147483647;
			files = (
			);
			runOnlyForDeploymentPostprocessing = 0;
		};
/* End PBXFrameworksBuildPhase section */

/* Begin PBXGroup section */
		A3EE26F91DBB66A100378506 = {
			isa = PBXGroup;
			children = (
				A3EE27041DBB66A100378506 /* AudioVideoTest */,
				A3EE27031DBB66A100378506 /* Products */,
			);
			sourceTree = "<group>";
		};
		A3EE27031DBB66A100378506 /* Products */ = {
			isa = PBXGroup;
			children = (
				A3EE27021DBB66A100378506 /* AudioVideoTest.app */,
			);
			name = Products;
			sourceTree = "<group>";
		};
		A3EE27041DBB66A100378506 /* AudioVideoTest */ = {
			isa = PBXGroup;
			children = (
				A3EE27171DBB68AB00378506 /* Dillon-13-36.mp3 */,
				A3EE27191DBB7C9200378506 /* Comex-Omnilife.mp4 */,
				A3EE27051DBB66A200378506 /* AppDelegate.swift */,
				A3EE27071DBB66A200378506 /* AudioViewController.swift */,
				A3EE271B1DBB7D1800378506 /* VideoViewController.swift */,
				A3EE27091DBB66A200378506 /* Main.storyboard */,
				A3EE270C1DBB66A200378506 /* Assets.xcassets */,
				A3EE270E1DBB66A200378506 /* LaunchScreen.storyboard */,
				A3EE27111DBB66A200378506 /* Info.plist */,
			);
			path = AudioVideoTest;
			sourceTree = "<group>";
		};
/* End PBXGroup section */

/* Begin PBXNativeTarget section */
		A3EE27011DBB66A100378506 /* AudioVideoTest */ = {
			isa = PBXNativeTarget;
			buildConfigurationList = A3EE27141DBB66A200378506 /* Build configuration list for PBXNativeTarget "AudioVideoTest" */;
			buildPhases = (
				A3EE26FE1DBB66A100378506 /* Sources */,
				A3EE26FF1DBB66A100378506 /* Frameworks */,
				A3EE27001DBB66A100378506 /* Resources */,
			);
			buildRules = (
			);
			dependencies = (
			);
			name = AudioVideoTest;
			productName = AudioVideoTest;
			productReference = A3EE27021DBB66A100378506 /* AudioVideoTest.app */;
			productType = "com.apple.product-type.application";
		};
/* End PBXNativeTarget section */

/* Begin PBXProject section */
		A3EE26FA1DBB66A100378506 /* Project object */ = {
			isa = PBXProject;
			attributes = {
				LastSwiftUpdateCheck = 0730;
				LastUpgradeCheck = 0730;
				ORGANIZATIONNAME = Infraestructura;
				TargetAttributes = {
					A3EE27011DBB66A100378506 = {
						CreatedOnToolsVersion = 7.3.1;
					};
				};
			};
			buildConfigurationList = A3EE26FD1DBB66A100378506 /* Build configuration list for PBXProject "AudioVideoTest" */;
			compatibilityVersion = "Xcode 3.2";
			developmentRegion = English;
			hasScannedForEncodings = 0;
			knownRegions = (
				en,
				Base,
			);
			mainGroup = A3EE26F91DBB66A100378506;
			productRefGroup = A3EE27031DBB66A100378506 /* Products */;
			projectDirPath = "";
			projectRoot = "";
			targets = (
				A3EE27011DBB66A100378506 /* AudioVideoTest */,
			);
		};
/* End PBXProject section */

/* Begin PBXResourcesBuildPhase section */
		A3EE27001DBB66A100378506 /* Resources */ = {
			isa = PBXResourcesBuildPhase;
			buildActionMask = 2147483647;
			files = (
				A3EE27101DBB66A200378506 /* LaunchScreen.storyboard in Resources */,
				A3EE270D1DBB66A200378506 /* Assets.xcassets in Resources */,
				A3EE270B1DBB66A200378506 /* Main.storyboard in Resources */,
				A3EE27181DBB68AB00378506 /* Dillon-13-36.mp3 in Resources */,
				A3EE271A1DBB7C9200378506 /* Comex-Omnilife.mp4 in Resources */,
			);
			runOnlyForDeploymentPostprocessing = 0;
		};
/* End PBXResourcesBuildPhase section */

/* Begin PBXSourcesBuildPhase section */
		A3EE26FE1DBB66A100378506 /* Sources */ = {
			isa = PBXSourcesBuildPhase;
			buildActionMask = 2147483647;
			files = (
				A3EE27081DBB66A200378506 /* AudioViewController.swift in Sources */,
				A3EE27061DBB66A200378506 /* AppDelegate.swift in Sources */,
				A3EE271C1DBB7D1800378506 /* VideoViewController.swift in Sources */,
			);
			runOnlyForDeploymentPostprocessing = 0;
		};
/* End PBXSourcesBuildPhase section */

/* Begin PBXVariantGroup section */
		A3EE27091DBB66A200378506 /* Main.storyboard */ = {
			isa = PBXVariantGroup;
			children = (
				A3EE270A1DBB66A200378506 /* Base */,
			);
			name = Main.storyboard;
			sourceTree = "<group>";
		};
		A3EE270E1DBB66A200378506 /* LaunchScreen.storyboard */ = {
			isa = PBXVariantGroup;
			children = (
				A3EE270F1DBB66A200378506 /* Base */,
			);
			name = LaunchScreen.storyboard;
			sourceTree = "<group>";
		};
/* End PBXVariantGroup section */

/* Begin XCBuildConfiguration section */
		A3EE27121DBB66A200378506 /* Debug */ = {
			isa = XCBuildConfiguration;
			buildSettings = {
				ALWAYS_SEARCH_USER_PATHS = NO;
				CLANG_ANALYZER_NONNULL = YES;
				CLANG_CXX_LANGUAGE_STANDARD = "gnu++0x";
				CLANG_CXX_LIBRARY = "libc++";
				CLANG_ENABLE_MODULES = YES;
				CLANG_ENABLE_OBJC_ARC = YES;
				CLANG_WARN_BOOL_CONVERSION = YES;
				CLANG_WARN_CONSTANT_CONVERSION = YES;
				CLANG_WARN_DIRECT_OBJC_ISA_USAGE = YES_ERROR;
				CLANG_WARN_EMPTY_BODY = YES;
				CLANG_WARN_ENUM_CONVERSION = YES;
				CLANG_WARN_INT_CONVERSION = YES;
				CLANG_WARN_OBJC_ROOT_CLASS = YES_ERROR;
				CLANG_WARN_UNREACHABLE_CODE = YES;
				CLANG_WARN__DUPLICATE_METHOD_MATCH = YES;
				"CODE_SIGN_IDENTITY[sdk=iphoneos*]" = "iPhone Developer";
				COPY_PHASE_STRIP = NO;
				DEBUG_INFORMATION_FORMAT = dwarf;
				ENABLE_STRICT_OBJC_MSGSEND = YES;
				ENABLE_TESTABILITY = YES;
				GCC_C_LANGUAGE_STANDARD = gnu99;
				GCC_DYNAMIC_NO_PIC = NO;
				GCC_NO_COMMON_BLOCKS = YES;
				GCC_OPTIMIZATION_LEVEL = 0;
				GCC_PREPROCESSOR_DEFINITIONS = (
					"DEBUG=1",
					"$(inherited)",
				);
				GCC_WARN_64_TO_32_BIT_CONVERSION = YES;
				GCC_WARN_ABOUT_RETURN_TYPE = YES_ERROR;
				GCC_WARN_UNDECLARED_SELECTOR = YES;
				GCC_WARN_UNINITIALIZED_AUTOS = YES_AGGRESSIVE;
				GCC_WARN_UNUSED_FUNCTION = YES;
				GCC_WARN_UNUSED_VARIABLE = YES;
				IPHONEOS_DEPLOYMENT_TARGET = 9.3;
				MTL_ENABLE_DEBUG_INFO = YES;
				ONLY_ACTIVE_ARCH = YES;
				SDKROOT = iphoneos;
				SWIFT_OPTIMIZATION_LEVEL = "-Onone";
				TARGETED_DEVICE_FAMILY = "1,2";
			};
			name = Debug;
		};
		A3EE27131DBB66A200378506 /* Release */ = {
			isa = XCBuildConfiguration;
			buildSettings = {
				ALWAYS_SEARCH_USER_PATHS = NO;
				CLANG_ANALYZER_NONNULL = YES;
				CLANG_CXX_LANGUAGE_STANDARD = "gnu++0x";
				CLANG_CXX_LIBRARY = "libc++";
				CLANG_ENABLE_MODULES = YES;
				CLANG_ENABLE_OBJC_ARC = YES;
				CLANG_WARN_BOOL_CONVERSION = YES;
				CLANG_WARN_CONSTANT_CONVERSION = YES;
				CLANG_WARN_DIRECT_OBJC_ISA_USAGE = YES_ERROR;
				CLANG_WARN_EMPTY_BODY = YES;
				CLANG_WARN_ENUM_CONVERSION = YES;
				CLANG_WARN_INT_CONVERSION = YES;
				CLANG_WARN_OBJC_ROOT_CLASS = YES_ERROR;
				CLANG_WARN_UNREACHABLE_CODE = YES;
				CLANG_WARN__DUPLICATE_METHOD_MATCH = YES;
				"CODE_SIGN_IDENTITY[sdk=iphoneos*]" = "iPhone Developer";
				COPY_PHASE_STRIP = NO;
				DEBUG_INFORMATION_FORMAT = "dwarf-with-dsym";
				ENABLE_NS_ASSERTIONS = NO;
				ENABLE_STRICT_OBJC_MSGSEND = YES;
				GCC_C_LANGUAGE_STANDARD = gnu99;
				GCC_NO_COMMON_BLOCKS = YES;
				GCC_WARN_64_TO_32_BIT_CONVERSION = YES;
				GCC_WARN_ABOUT_RETURN_TYPE = YES_ERROR;
				GCC_WARN_UNDECLARED_SELECTOR = YES;
				GCC_WARN_UNINITIALIZED_AUTOS = YES_AGGRESSIVE;
				GCC_WARN_UNUSED_FUNCTION = YES;
				GCC_WARN_UNUSED_VARIABLE = YES;
				IPHONEOS_DEPLOYMENT_TARGET = 9.3;
				MTL_ENABLE_DEBUG_INFO = NO;
				SDKROOT = iphoneos;
				TARGETED_DEVICE_FAMILY = "1,2";
				VALIDATE_PRODUCT = YES;
			};
			name = Release;
		};
		A3EE27151DBB66A200378506 /* Debug */ = {
			isa = XCBuildConfiguration;
			buildSettings = {
				ASSETCATALOG_COMPILER_APPICON_NAME = AppIcon;
				INFOPLIST_FILE = AudioVideoTest/Info.plist;
				LD_RUNPATH_SEARCH_PATHS = "$(inherited) @executable_path/Frameworks";
				PRODUCT_BUNDLE_IDENTIFIER = mx.tapiaDamian.AudioVideoTest;
				PRODUCT_NAME = "$(TARGET_NAME)";
			};
			name = Debug;
		};
		A3EE27161DBB66A200378506 /* Release */ = {
			isa = XCBuildConfiguration;
			buildSettings = {
				ASSETCATALOG_COMPILER_APPICON_NAME = AppIcon;
				INFOPLIST_FILE = AudioVideoTest/Info.plist;
				LD_RUNPATH_SEARCH_PATHS = "$(inherited) @executable_path/Frameworks";
				PRODUCT_BUNDLE_IDENTIFIER = mx.tapiaDamian.AudioVideoTest;
				PRODUCT_NAME = "$(TARGET_NAME)";
			};
			name = Release;
		};
/* End XCBuildConfiguration section */

/* Begin XCConfigurationList section */
		A3EE26FD1DBB66A100378506 /* Build configuration list for PBXProject "AudioVideoTest" */ = {
			isa = XCConfigurationList;
			buildConfigurations = (
				A3EE27121DBB66A200378506 /* Debug */,
				A3EE27131DBB66A200378506 /* Release */,
			);
			defaultConfigurationIsVisible = 0;
			defaultConfigurationName = Release;
		};
		A3EE27141DBB66A200378506 /* Build configuration list for PBXNativeTarget "AudioVideoTest" */ = {
			isa = XCConfigurationList;
			buildConfigurations = (
				A3EE27151DBB66A200378506 /* Debug */,
				A3EE27161DBB66A200378506 /* Release */,
			);
			defaultConfigurationIsVisible = 0;
		};
/* End XCConfigurationList section */
	};
	rootObject = A3EE26FA1DBB66A100378506 /* Project object */;
}
